
Microsoft Visual Studio Solution File, Format Version 12.00
# Visual Studio 15
VisualStudioVersion = 15.0.27703.2026
MinimumVisualStudioVersion = 10.0.40219.1
Project("{FAE04EC0-301F-11D3-BF4B-00C04F79EFBC}") = "CucDiSanVN", "CucDiSanVN\CucDiSanVN.csproj", "{4BA5C67C-FB34-4336-8AD2-F9061D9CB2A8}"
EndProject
Project("{FAE04EC0-301F-11D3-BF4B-00C04F79EFBC}") = "CucDiSanService", "CucDiSanService\CucDiSanService.csproj", "{28244215-9218-49F9-8440-FD8123FC3A2F}"
EndProject
Global
	GlobalSection(SolutionConfigurationPlatforms) = preSolution
		Debug|Any CPU = Debug|Any CPU
		Release|Any CPU = Release|Any CPU
	EndGlobalSection
	GlobalSection(ProjectConfigurationPlatforms) = postSolution
		{4BA5C67C-FB34-4336-8AD2-F9061D9CB2A8}.Debug|Any CPU.ActiveCfg = Debug|Any CPU
		{4BA5C67C-FB34-4336-8AD2-F9061D9CB2A8}.Debug|Any CPU.Build.0 = Debug|Any CPU
		{4BA5C67C-FB34-4336-8AD2-F9061D9CB2A8}.Release|Any CPU.ActiveCfg = Release|Any CPU
		{4BA5C67C-FB34-4336-8AD2-F9061D9CB2A8}.Release|Any CPU.Build.0 = Release|Any CPU
		{28244215-9218-49F9-8440-FD8123FC3A2F}.Debug|Any CPU.ActiveCfg = Debug|Any CPU
		{28244215-9218-49F9-8440-FD8123FC3A2F}.Debug|Any CPU.Build.0 = Debug|Any CPU
		{28244215-9218-49F9-8440-FD8123FC3A2F}.Release|Any CPU.ActiveCfg = Release|Any CPU
		{28244215-9218-49F9-8440-FD8123FC3A2F}.Release|Any CPU.Build.0 = Release|Any CPU
	EndGlobalSection
	GlobalSection(SolutionProperties) = preSolution
		HideSolutionNode = FALSE
	EndGlobalSection
	GlobalSection(ExtensibilityGlobals) = postSolution
		SolutionGuid = {D98D15EB-A5D7-4A96-9C3A-508C7E638450}
	EndGlobalSection
EndGlobal
